
Microsoft Visual Studio Solution File, Format Version 12.00
# Visual Studio Version 17
VisualStudioVersion = 17.8.34330.188
MinimumVisualStudioVersion = 10.0.40219.1
Project("{9A19103F-16F7-4668-BE54-9A1E7A4F7556}") = "interviuIntegrisoft", "interviuIntegrisoft\interviuIntegrisoft.csproj", "{322D9448-B977-4D0E-AB27-25AF6CAEB8CF}"
EndProject
Project("{00D1A9C2-B5F0-4AF3-8072-F6C62B433612}") = "SQLscripts", "SQLscripts\SQLscripts.sqlproj", "{767B2E60-638D-45E0-AA1E-8B76862FAD08}"
EndProject
Global
	GlobalSection(SolutionConfigurationPlatforms) = preSolution
		Debug|Any CPU = Debug|Any CPU
		Release|Any CPU = Release|Any CPU
	EndGlobalSection
	GlobalSection(ProjectConfigurationPlatforms) = postSolution
		{322D9448-B977-4D0E-AB27-25AF6CAEB8CF}.Debug|Any CPU.ActiveCfg = Debug|Any CPU
		{322D9448-B977-4D0E-AB27-25AF6CAEB8CF}.Debug|Any CPU.Build.0 = Debug|Any CPU
		{322D9448-B977-4D0E-AB27-25AF6CAEB8CF}.Release|Any CPU.ActiveCfg = Release|Any CPU
		{322D9448-B977-4D0E-AB27-25AF6CAEB8CF}.Release|Any CPU.Build.0 = Release|Any CPU
		{767B2E60-638D-45E0-AA1E-8B76862FAD08}.Debug|Any CPU.ActiveCfg = Debug|Any CPU
		{767B2E60-638D-45E0-AA1E-8B76862FAD08}.Debug|Any CPU.Build.0 = Debug|Any CPU
		{767B2E60-638D-45E0-AA1E-8B76862FAD08}.Debug|Any CPU.Deploy.0 = Debug|Any CPU
		{767B2E60-638D-45E0-AA1E-8B76862FAD08}.Release|Any CPU.ActiveCfg = Release|Any CPU
		{767B2E60-638D-45E0-AA1E-8B76862FAD08}.Release|Any CPU.Build.0 = Release|Any CPU
		{767B2E60-638D-45E0-AA1E-8B76862FAD08}.Release|Any CPU.Deploy.0 = Release|Any CPU
	EndGlobalSection
	GlobalSection(SolutionProperties) = preSolution
		HideSolutionNode = FALSE
	EndGlobalSection
	GlobalSection(ExtensibilityGlobals) = postSolution
		SolutionGuid = {BE534262-7BB5-4F18-8B7E-8F6BCA4DAF02}
	EndGlobalSection
EndGlobal
